
Microsoft Visual Studio Solution File, Format Version 12.00
# Visual Studio Version 17
VisualStudioVersion = 17.2.32616.157
MinimumVisualStudioVersion = 10.0.40219.1
Project("{FAE04EC0-301F-11D3-BF4B-00C04F79EFBC}") = "CovidGame", "CovidGame\CovidGame.csproj", "{B888CF0F-67D3-4345-9462-31BBD91E2EF6}"
EndProject
Global
	GlobalSection(SolutionConfigurationPlatforms) = preSolution
		Debug|Any CPU = Debug|Any CPU
		Release|Any CPU = Release|Any CPU
	EndGlobalSection
	GlobalSection(ProjectConfigurationPlatforms) = postSolution
		{B888CF0F-67D3-4345-9462-31BBD91E2EF6}.Debug|Any CPU.ActiveCfg = Debug|Any CPU
		{B888CF0F-67D3-4345-9462-31BBD91E2EF6}.Debug|Any CPU.Build.0 = Debug|Any CPU
		{B888CF0F-67D3-4345-9462-31BBD91E2EF6}.Release|Any CPU.ActiveCfg = Release|Any CPU
		{B888CF0F-67D3-4345-9462-31BBD91E2EF6}.Release|Any CPU.Build.0 = Release|Any CPU
	EndGlobalSection
	GlobalSection(SolutionProperties) = preSolution
		HideSolutionNode = FALSE
	EndGlobalSection
	GlobalSection(ExtensibilityGlobals) = postSolution
		SolutionGuid = {0562AF6B-BC73-4566-BF6B-BB7ECDC0EE10}
	EndGlobalSection
EndGlobal
